
Microsoft Visual Studio Solution File, Format Version 12.00
# Visual Studio Version 16
VisualStudioVersion = 16.0.31313.79
MinimumVisualStudioVersion = 10.0.40219.1
Project("{FAE04EC0-301F-11D3-BF4B-00C04F79EFBC}") = "ThirdPartyEventEditor", "ThirdPartyEventEditor.csproj", "{6B2F49C4-B863-48FA-BBCB-F287157DA40A}"
EndProject
Project("{9A19103F-16F7-4668-BE54-9A1E7A4F7556}") = "ThirdPartyEventEditor.IntegrationTests", "..\ThirdPartyEventEditor.IntegrationTests\ThirdPartyEventEditor.IntegrationTests.csproj", "{1259A549-8CC5-4D20-8EF2-E58F86A2C58E}"
EndProject
Global
	GlobalSection(SolutionConfigurationPlatforms) = preSolution
		Debug|Any CPU = Debug|Any CPU
		Release|Any CPU = Release|Any CPU
	EndGlobalSection
	GlobalSection(ProjectConfigurationPlatforms) = postSolution
		{6B2F49C4-B863-48FA-BBCB-F287157DA40A}.Debug|Any CPU.ActiveCfg = Debug|Any CPU
		{6B2F49C4-B863-48FA-BBCB-F287157DA40A}.Debug|Any CPU.Build.0 = Debug|Any CPU
		{6B2F49C4-B863-48FA-BBCB-F287157DA40A}.Release|Any CPU.ActiveCfg = Release|Any CPU
		{6B2F49C4-B863-48FA-BBCB-F287157DA40A}.Release|Any CPU.Build.0 = Release|Any CPU
		{1259A549-8CC5-4D20-8EF2-E58F86A2C58E}.Debug|Any CPU.ActiveCfg = Debug|Any CPU
		{1259A549-8CC5-4D20-8EF2-E58F86A2C58E}.Debug|Any CPU.Build.0 = Debug|Any CPU
		{1259A549-8CC5-4D20-8EF2-E58F86A2C58E}.Release|Any CPU.ActiveCfg = Release|Any CPU
		{1259A549-8CC5-4D20-8EF2-E58F86A2C58E}.Release|Any CPU.Build.0 = Release|Any CPU
	EndGlobalSection
	GlobalSection(SolutionProperties) = preSolution
		HideSolutionNode = FALSE
	EndGlobalSection
	GlobalSection(ExtensibilityGlobals) = postSolution
		SolutionGuid = {2CB1EB86-FFED-4BF0-8622-5EDC971AED00}
	EndGlobalSection
EndGlobal
